
Microsoft Visual Studio Solution File, Format Version 12.00
# Visual Studio Version 16
VisualStudioVersion = 16.0.29318.209
MinimumVisualStudioVersion = 10.0.40219.1
Project("{9A19103F-16F7-4668-BE54-9A1E7A4F7556}") = "ListePizza", "ListePizza.csproj", "{241A8876-1243-4374-A1F8-D99511420F73}"
EndProject
Global
	GlobalSection(SolutionConfigurationPlatforms) = preSolution
		Debug|Any CPU = Debug|Any CPU
		Release|Any CPU = Release|Any CPU
	EndGlobalSection
	GlobalSection(ProjectConfigurationPlatforms) = postSolution
		{241A8876-1243-4374-A1F8-D99511420F73}.Debug|Any CPU.ActiveCfg = Debug|Any CPU
		{241A8876-1243-4374-A1F8-D99511420F73}.Debug|Any CPU.Build.0 = Debug|Any CPU
		{241A8876-1243-4374-A1F8-D99511420F73}.Release|Any CPU.ActiveCfg = Release|Any CPU
		{241A8876-1243-4374-A1F8-D99511420F73}.Release|Any CPU.Build.0 = Release|Any CPU
	EndGlobalSection
	GlobalSection(SolutionProperties) = preSolution
		HideSolutionNode = FALSE
	EndGlobalSection
	GlobalSection(ExtensibilityGlobals) = postSolution
		SolutionGuid = {E6EC8CE9-DCE8-49E5-8B80-B451C479D4D6}
	EndGlobalSection
EndGlobal
