
Microsoft Visual Studio Solution File, Format Version 12.00
# Visual Studio Version 16
VisualStudioVersion = 16.0.29318.209
MinimumVisualStudioVersion = 10.0.40219.1
Project("{FAE04EC0-301F-11D3-BF4B-00C04F79EFBC}") = "JeuDeMath", "JeuDeMath\JeuDeMath.csproj", "{27F19B33-5F3C-4DB8-BB78-027668B63943}"
EndProject
Global
	GlobalSection(SolutionConfigurationPlatforms) = preSolution
		Debug|Any CPU = Debug|Any CPU
		Release|Any CPU = Release|Any CPU
	EndGlobalSection
	GlobalSection(ProjectConfigurationPlatforms) = postSolution
		{27F19B33-5F3C-4DB8-BB78-027668B63943}.Debug|Any CPU.ActiveCfg = Debug|Any CPU
		{27F19B33-5F3C-4DB8-BB78-027668B63943}.Debug|Any CPU.Build.0 = Debug|Any CPU
		{27F19B33-5F3C-4DB8-BB78-027668B63943}.Release|Any CPU.ActiveCfg = Release|Any CPU
		{27F19B33-5F3C-4DB8-BB78-027668B63943}.Release|Any CPU.Build.0 = Release|Any CPU
	EndGlobalSection
	GlobalSection(SolutionProperties) = preSolution
		HideSolutionNode = FALSE
	EndGlobalSection
	GlobalSection(ExtensibilityGlobals) = postSolution
		SolutionGuid = {AC3FB458-D204-49C9-A91B-20359873C799}
	EndGlobalSection
EndGlobal
